{
  "originHash" : "0e32cecf5325254fa760a449afb61e48eb93183ebfd8f61175c1d8034234e2e3",
  "pins" : [
    {
      "identity" : "iqkeyboardmanager",
      "kind" : "remoteSourceControl",
      "location" : "https://github.com/hackiftekhar/IQKeyboardManager.git",
      "state" : {
        "revision" : "c00b1ae9fa1ad8af4465bb6ca901f6943fc98eba",
        "version" : "6.5.16"
      }
    },
    {
      "identity" : "nextgrowingtextview",
      "kind" : "remoteSourceControl",
      "location" : "https://github.com/FluidGroup/NextGrowingTextView.git",
      "state" : {
        "revision" : "ad23041c01d51c07701415a682eff7e9cf3e6c4f",
        "version" : "2.2.1"
      }
    },
    {
      "identity" : "snapkit",
      "kind" : "remoteSourceControl",
      "location" : "https://github.com/SnapKit/SnapKit",
      "state" : {
        "revision" : "2842e6e84e82eb9a8dac0100ca90d9444b0307f4",
        "version" : "5.7.1"
      }
    }
  ],
  "version" : 3
}
