// !$*UTF8*$!
{
	archiveVersion = 1;
	classes = {
	};
	objectVersion = 56;
	objects = {

/* Begin PBXBuildFile section */
		8C9B586C2C82CE8300866110 /* AppDelegate.swift in Sources */ = {isa = PBXBuildFile; fileRef = 8C9B586B2C82CE8300866110 /* AppDelegate.swift */; };
		8C9B586E2C82CE8300866110 /* SceneDelegate.swift in Sources */ = {isa = PBXBuildFile; fileRef = 8C9B586D2C82CE8300866110 /* SceneDelegate.swift */; };
		8C9B58702C82CE8300866110 /* ViewController.swift in Sources */ = {isa = PBXBuildFile; fileRef = 8C9B586F2C82CE8300866110 /* ViewController.swift */; };
		8C9B58732C82CE8300866110 /* Base in Resources */ = {isa = PBXBuildFile; fileRef = 8C9B58722C82CE8300866110 /* Base */; };
		8C9B58752C82CE8400866110 /* Assets.xcassets in Resources */ = {isa = PBXBuildFile; fileRef = 8C9B58742C82CE8400866110 /* Assets.xcassets */; };
		8C9B58782C82CE8400866110 /* Base in Resources */ = {isa = PBXBuildFile; fileRef = 8C9B58772C82CE8400866110 /* Base */; };
		8C9B58832C82CE8400866110 /* IQKeyboardBehaviorTests.swift in Sources */ = {isa = PBXBuildFile; fileRef = 8C9B58822C82CE8400866110 /* IQKeyboardBehaviorTests.swift */; };
		8C9B588D2C82CE8400866110 /* IQKeyboardBehaviorUITests.swift in Sources */ = {isa = PBXBuildFile; fileRef = 8C9B588C2C82CE8400866110 /* IQKeyboardBehaviorUITests.swift */; };
		8C9B588F2C82CE8400866110 /* IQKeyboardBehaviorUITestsLaunchTests.swift in Sources */ = {isa = PBXBuildFile; fileRef = 8C9B588E2C82CE8400866110 /* IQKeyboardBehaviorUITestsLaunchTests.swift */; };
/* End PBXBuildFile section */

/* Begin PBXContainerItemProxy section */
		8C9B587F2C82CE8400866110 /* PBXContainerItemProxy */ = {
			isa = PBXContainerItemProxy;
			containerPortal = 8C9B58602C82CE8300866110 /* Project object */;
			proxyType = 1;
			remoteGlobalIDString = 8C9B58672C82CE8300866110;
			remoteInfo = IQKeyboardBehavior;
		};
		8C9B58892C82CE8400866110 /* PBXContainerItemProxy */ = {
			isa = PBXContainerItemProxy;
			containerPortal = 8C9B58602C82CE8300866110 /* Project object */;
			proxyType = 1;
			remoteGlobalIDString = 8C9B58672C82CE8300866110;
			remoteInfo = IQKeyboardBehavior;
		};
/* End PBXContainerItemProxy section */

/* Begin PBXFileReference section */
		8C9B58682C82CE8300866110 /* IQKeyboardBehavior.app */ = {isa = PBXFileReference; explicitFileType = wrapper.application; includeInIndex = 0; path = IQKeyboardBehavior.app; sourceTree = BUILT_PRODUCTS_DIR; };
		8C9B586B2C82CE8300866110 /* AppDelegate.swift */ = {isa = PBXFileReference; lastKnownFileType = sourcecode.swift; path = AppDelegate.swift; sourceTree = "<group>"; };
		8C9B586D2C82CE8300866110 /* SceneDelegate.swift */ = {isa = PBXFileReference; lastKnownFileType = sourcecode.swift; path = SceneDelegate.swift; sourceTree = "<group>"; };
		8C9B586F2C82CE8300866110 /* ViewController.swift */ = {isa = PBXFileReference; lastKnownFileType = sourcecode.swift; path = ViewController.swift; sourceTree = "<group>"; };
		8C9B58722C82CE8300866110 /* Base */ = {isa = PBXFileReference; lastKnownFileType = file.storyboard; name = Base; path = Base.lproj/Main.storyboard; sourceTree = "<group>"; };
		8C9B58742C82CE8400866110 /* Assets.xcassets */ = {isa = PBXFileReference; lastKnownFileType = folder.assetcatalog; path = Assets.xcassets; sourceTree = "<group>"; };
		8C9B58772C82CE8400866110 /* Base */ = {isa = PBXFileReference; lastKnownFileType = file.storyboard; name = Base; path = Base.lproj/LaunchScreen.storyboard; sourceTree = "<group>"; };
		8C9B58792C82CE8400866110 /* Info.plist */ = {isa = PBXFileReference; lastKnownFileType = text.plist.xml; path = Info.plist; sourceTree = "<group>"; };
		8C9B587E2C82CE8400866110 /* IQKeyboardBehaviorTests.xctest */ = {isa = PBXFileReference; explicitFileType = wrapper.cfbundle; includeInIndex = 0; path = IQKeyboardBehaviorTests.xctest; sourceTree = BUILT_PRODUCTS_DIR; };
		8C9B58822C82CE8400866110 /* IQKeyboardBehaviorTests.swift */ = {isa = PBXFileReference; lastKnownFileType = sourcecode.swift; path = IQKeyboardBehaviorTests.swift; sourceTree = "<group>"; };
		8C9B58882C82CE8400866110 /* IQKeyboardBehaviorUITests.xctest */ = {isa = PBXFileReference; explicitFileType = wrapper.cfbundle; includeInIndex = 0; path = IQKeyboardBehaviorUITests.xctest; sourceTree = BUILT_PRODUCTS_DIR; };
		8C9B588C2C82CE8400866110 /* IQKeyboardBehaviorUITests.swift */ = {isa = PBXFileReference; lastKnownFileType = sourcecode.swift; path = IQKeyboardBehaviorUITests.swift; sourceTree = "<group>"; };
		8C9B588E2C82CE8400866110 /* IQKeyboardBehaviorUITestsLaunchTests.swift */ = {isa = PBXFileReference; lastKnownFileType = sourcecode.swift; path = IQKeyboardBehaviorUITestsLaunchTests.swift; sourceTree = "<group>"; };
/* End PBXFileReference section */

/* Begin PBXFrameworksBuildPhase section */
		8C9B58652C82CE8300866110 /* Frameworks */ = {
			isa = PBXFrameworksBuildPhase;
			buildActionMask = 2147483647;
			files = (
			);
			runOnlyForDeploymentPostprocessing = 0;
		};
		8C9B587B2C82CE8400866110 /* Frameworks */ = {
			isa = PBXFrameworksBuildPhase;
			buildActionMask = 2147483647;
			files = (
			);
			runOnlyForDeploymentPostprocessing = 0;
		};
		8C9B58852C82CE8400866110 /* Frameworks */ = {
			isa = PBXFrameworksBuildPhase;
			buildActionMask = 2147483647;
			files = (
			);
			runOnlyForDeploymentPostprocessing = 0;
		};
/* End PBXFrameworksBuildPhase section */

/* Begin PBXGroup section */
		8C9B585F2C82CE8300866110 = {
			isa = PBXGroup;
			children = (
				8C9B586A2C82CE8300866110 /* IQKeyboardBehavior */,
				8C9B58812C82CE8400866110 /* IQKeyboardBehaviorTests */,
				8C9B588B2C82CE8400866110 /* IQKeyboardBehaviorUITests */,
				8C9B58692C82CE8300866110 /* Products */,
			);
			sourceTree = "<group>";
		};
		8C9B58692C82CE8300866110 /* Products */ = {
			isa = PBXGroup;
			children = (
				8C9B58682C82CE8300866110 /* IQKeyboardBehavior.app */,
				8C9B587E2C82CE8400866110 /* IQKeyboardBehaviorTests.xctest */,
				8C9B58882C82CE8400866110 /* IQKeyboardBehaviorUITests.xctest */,
			);
			name = Products;
			sourceTree = "<group>";
		};
		8C9B586A2C82CE8300866110 /* IQKeyboardBehavior */ = {
			isa = PBXGroup;
			children = (
				8C9B586B2C82CE8300866110 /* AppDelegate.swift */,
				8C9B586D2C82CE8300866110 /* SceneDelegate.swift */,
				8C9B586F2C82CE8300866110 /* ViewController.swift */,
				8C9B58712C82CE8300866110 /* Main.storyboard */,
				8C9B58742C82CE8400866110 /* Assets.xcassets */,
				8C9B58762C82CE8400866110 /* LaunchScreen.storyboard */,
				8C9B58792C82CE8400866110 /* Info.plist */,
			);
			path = IQKeyboardBehavior;
			sourceTree = "<group>";
		};
		8C9B58812C82CE8400866110 /* IQKeyboardBehaviorTests */ = {
			isa = PBXGroup;
			children = (
				8C9B58822C82CE8400866110 /* IQKeyboardBehaviorTests.swift */,
			);
			path = IQKeyboardBehaviorTests;
			sourceTree = "<group>";
		};
		8C9B588B2C82CE8400866110 /* IQKeyboardBehaviorUITests */ = {
			isa = PBXGroup;
			children = (
				8C9B588C2C82CE8400866110 /* IQKeyboardBehaviorUITests.swift */,
				8C9B588E2C82CE8400866110 /* IQKeyboardBehaviorUITestsLaunchTests.swift */,
			);
			path = IQKeyboardBehaviorUITests;
			sourceTree = "<group>";
		};
/* End PBXGroup section */

/* Begin PBXNativeTarget section */
		8C9B58672C82CE8300866110 /* IQKeyboardBehavior */ = {
			isa = PBXNativeTarget;
			buildConfigurationList = 8C9B58922C82CE8400866110 /* Build configuration list for PBXNativeTarget "IQKeyboardBehavior" */;
			buildPhases = (
				8C9B58642C82CE8300866110 /* Sources */,
				8C9B58652C82CE8300866110 /* Frameworks */,
				8C9B58662C82CE8300866110 /* Resources */,
			);
			buildRules = (
			);
			dependencies = (
			);
			name = IQKeyboardBehavior;
			productName = IQKeyboardBehavior;
			productReference = 8C9B58682C82CE8300866110 /* IQKeyboardBehavior.app */;
			productType = "com.apple.product-type.application";
		};
		8C9B587D2C82CE8400866110 /* IQKeyboardBehaviorTests */ = {
			isa = PBXNativeTarget;
			buildConfigurationList = 8C9B58952C82CE8400866110 /* Build configuration list for PBXNativeTarget "IQKeyboardBehaviorTests" */;
			buildPhases = (
				8C9B587A2C82CE8400866110 /* Sources */,
				8C9B587B2C82CE8400866110 /* Frameworks */,
				8C9B587C2C82CE8400866110 /* Resources */,
			);
			buildRules = (
			);
			dependencies = (
				8C9B58802C82CE8400866110 /* PBXTargetDependency */,
			);
			name = IQKeyboardBehaviorTests;
			productName = IQKeyboardBehaviorTests;
			productReference = 8C9B587E2C82CE8400866110 /* IQKeyboardBehaviorTests.xctest */;
			productType = "com.apple.product-type.bundle.unit-test";
		};
		8C9B58872C82CE8400866110 /* IQKeyboardBehaviorUITests */ = {
			isa = PBXNativeTarget;
			buildConfigurationList = 8C9B58982C82CE8400866110 /* Build configuration list for PBXNativeTarget "IQKeyboardBehaviorUITests" */;
			buildPhases = (
				8C9B58842C82CE8400866110 /* Sources */,
				8C9B58852C82CE8400866110 /* Frameworks */,
				8C9B58862C82CE8400866110 /* Resources */,
			);
			buildRules = (
			);
			dependencies = (
				8C9B588A2C82CE8400866110 /* PBXTargetDependency */,
			);
			name = IQKeyboardBehaviorUITests;
			productName = IQKeyboardBehaviorUITests;
			productReference = 8C9B58882C82CE8400866110 /* IQKeyboardBehaviorUITests.xctest */;
			productType = "com.apple.product-type.bundle.ui-testing";
		};
/* End PBXNativeTarget section */

/* Begin PBXProject section */
		8C9B58602C82CE8300866110 /* Project object */ = {
			isa = PBXProject;
			attributes = {
				BuildIndependentTargetsInParallel = 1;
				LastSwiftUpdateCheck = 1540;
				LastUpgradeCheck = 1540;
				TargetAttributes = {
					8C9B58672C82CE8300866110 = {
						CreatedOnToolsVersion = 15.4;
					};
					8C9B587D2C82CE8400866110 = {
						CreatedOnToolsVersion = 15.4;
						TestTargetID = 8C9B58672C82CE8300866110;
					};
					8C9B58872C82CE8400866110 = {
						CreatedOnToolsVersion = 15.4;
						TestTargetID = 8C9B58672C82CE8300866110;
					};
				};
			};
			buildConfigurationList = 8C9B58632C82CE8300866110 /* Build configuration list for PBXProject "IQKeyboardBehavior" */;
			compatibilityVersion = "Xcode 14.0";
			developmentRegion = en;
			hasScannedForEncodings = 0;
			knownRegions = (
				en,
				Base,
			);
			mainGroup = 8C9B585F2C82CE8300866110;
			productRefGroup = 8C9B58692C82CE8300866110 /* Products */;
			projectDirPath = "";
			projectRoot = "";
			targets = (
				8C9B58672C82CE8300866110 /* IQKeyboardBehavior */,
				8C9B587D2C82CE8400866110 /* IQKeyboardBehaviorTests */,
				8C9B58872C82CE8400866110 /* IQKeyboardBehaviorUITests */,
			);
		};
/* End PBXProject section */

/* Begin PBXResourcesBuildPhase section */
		8C9B58662C82CE8300866110 /* Resources */ = {
			isa = PBXResourcesBuildPhase;
			buildActionMask = 2147483647;
			files = (
				8C9B58752C82CE8400866110 /* Assets.xcassets in Resources */,
				8C9B58782C82CE8400866110 /* Base in Resources */,
				8C9B58732C82CE8300866110 /* Base in Resources */,
			);
			runOnlyForDeploymentPostprocessing = 0;
		};
		8C9B587C2C82CE8400866110 /* Resources */ = {
			isa = PBXResourcesBuildPhase;
			buildActionMask = 2147483647;
			files = (
			);
			runOnlyForDeploymentPostprocessing = 0;
		};
		8C9B58862C82CE8400866110 /* Resources */ = {
			isa = PBXResourcesBuildPhase;
			buildActionMask = 2147483647;
			files = (
			);
			runOnlyForDeploymentPostprocessing = 0;
		};
/* End PBXResourcesBuildPhase section */

/* Begin PBXSourcesBuildPhase section */
		8C9B58642C82CE8300866110 /* Sources */ = {
			isa = PBXSourcesBuildPhase;
			buildActionMask = 2147483647;
			files = (
				8C9B58702C82CE8300866110 /* ViewController.swift in Sources */,
				8C9B586C2C82CE8300866110 /* AppDelegate.swift in Sources */,
				8C9B586E2C82CE8300866110 /* SceneDelegate.swift in Sources */,
			);
			runOnlyForDeploymentPostprocessing = 0;
		};
		8C9B587A2C82CE8400866110 /* Sources */ = {
			isa = PBXSourcesBuildPhase;
			buildActionMask = 2147483647;
			files = (
				8C9B58832C82CE8400866110 /* IQKeyboardBehaviorTests.swift in Sources */,
			);
			runOnlyForDeploymentPostprocessing = 0;
		};
		8C9B58842C82CE8400866110 /* Sources */ = {
			isa = PBXSourcesBuildPhase;
			buildActionMask = 2147483647;
			files = (
				8C9B588D2C82CE8400866110 /* IQKeyboardBehaviorUITests.swift in Sources */,
				8C9B588F2C82CE8400866110 /* IQKeyboardBehaviorUITestsLaunchTests.swift in Sources */,
			);
			runOnlyForDeploymentPostprocessing = 0;
		};
/* End PBXSourcesBuildPhase section */

/* Begin PBXTargetDependency section */
		8C9B58802C82CE8400866110 /* PBXTargetDependency */ = {
			isa = PBXTargetDependency;
			target = 8C9B58672C82CE8300866110 /* IQKeyboardBehavior */;
			targetProxy = 8C9B587F2C82CE8400866110 /* PBXContainerItemProxy */;
		};
		8C9B588A2C82CE8400866110 /* PBXTargetDependency */ = {
			isa = PBXTargetDependency;
			target = 8C9B58672C82CE8300866110 /* IQKeyboardBehavior */;
			targetProxy = 8C9B58892C82CE8400866110 /* PBXContainerItemProxy */;
		};
/* End PBXTargetDependency section */

/* Begin PBXVariantGroup section */
		8C9B58712C82CE8300866110 /* Main.storyboard */ = {
			isa = PBXVariantGroup;
			children = (
				8C9B58722C82CE8300866110 /* Base */,
			);
			name = Main.storyboard;
			sourceTree = "<group>";
		};
		8C9B58762C82CE8400866110 /* LaunchScreen.storyboard */ = {
			isa = PBXVariantGroup;
			children = (
				8C9B58772C82CE8400866110 /* Base */,
			);
			name = LaunchScreen.storyboard;
			sourceTree = "<group>";
		};
/* End PBXVariantGroup section */

/* Begin XCBuildConfiguration section */
		8C9B58902C82CE8400866110 /* Debug */ = {
			isa = XCBuildConfiguration;
			buildSettings = {
				ALWAYS_SEARCH_USER_PATHS = NO;
				ASSETCATALOG_COMPILER_GENERATE_SWIFT_ASSET_SYMBOL_EXTENSIONS = YES;
				CLANG_ANALYZER_NONNULL = YES;
				CLANG_ANALYZER_NUMBER_OBJECT_CONVERSION = YES_AGGRESSIVE;
				CLANG_CXX_LANGUAGE_STANDARD = "gnu++20";
				CLANG_ENABLE_MODULES = YES;
				CLANG_ENABLE_OBJC_ARC = YES;
				CLANG_ENABLE_OBJC_WEAK = YES;
				CLANG_WARN_BLOCK_CAPTURE_AUTORELEASING = YES;
				CLANG_WARN_BOOL_CONVERSION = YES;
				CLANG_WARN_COMMA = YES;
				CLANG_WARN_CONSTANT_CONVERSION = YES;
				CLANG_WARN_DEPRECATED_OBJC_IMPLEMENTATIONS = YES;
				CLANG_WARN_DIRECT_OBJC_ISA_USAGE = YES_ERROR;
				CLANG_WARN_DOCUMENTATION_COMMENTS = YES;
				CLANG_WARN_EMPTY_BODY = YES;
				CLANG_WARN_ENUM_CONVERSION = YES;
				CLANG_WARN_INFINITE_RECURSION = YES;
				CLANG_WARN_INT_CONVERSION = YES;
				CLANG_WARN_NON_LITERAL_NULL_CONVERSION = YES;
				CLANG_WARN_OBJC_IMPLICIT_RETAIN_SELF = YES;
				CLANG_WARN_OBJC_LITERAL_CONVERSION = YES;
				CLANG_WARN_OBJC_ROOT_CLASS = YES_ERROR;
				CLANG_WARN_QUOTED_INCLUDE_IN_FRAMEWORK_HEADER = YES;
				CLANG_WARN_RANGE_LOOP_ANALYSIS = YES;
				CLANG_WARN_STRICT_PROTOTYPES = YES;
				CLANG_WARN_SUSPICIOUS_MOVE = YES;
				CLANG_WARN_UNGUARDED_AVAILABILITY = YES_AGGRESSIVE;
				CLANG_WARN_UNREACHABLE_CODE = YES;
				CLANG_WARN__DUPLICATE_METHOD_MATCH = YES;
				COPY_PHASE_STRIP = NO;
				DEBUG_INFORMATION_FORMAT = dwarf;
				ENABLE_STRICT_OBJC_MSGSEND = YES;
				ENABLE_TESTABILITY = YES;
				ENABLE_USER_SCRIPT_SANDBOXING = YES;
				GCC_C_LANGUAGE_STANDARD = gnu17;
				GCC_DYNAMIC_NO_PIC = NO;
				GCC_NO_COMMON_BLOCKS = YES;
				GCC_OPTIMIZATION_LEVEL = 0;
				GCC_PREPROCESSOR_DEFINITIONS = (
					"DEBUG=1",
					"$(inherited)",
				);
				GCC_WARN_64_TO_32_BIT_CONVERSION = YES;
				GCC_WARN_ABOUT_RETURN_TYPE = YES_ERROR;
				GCC_WARN_UNDECLARED_SELECTOR = YES;
				GCC_WARN_UNINITIALIZED_AUTOS = YES_AGGRESSIVE;
				GCC_WARN_UNUSED_FUNCTION = YES;
				GCC_WARN_UNUSED_VARIABLE = YES;
				IPHONEOS_DEPLOYMENT_TARGET = 17.5;
				LOCALIZATION_PREFERS_STRING_CATALOGS = YES;
				MTL_ENABLE_DEBUG_INFO = INCLUDE_SOURCE;
				MTL_FAST_MATH = YES;
				ONLY_ACTIVE_ARCH = YES;
				SDKROOT = iphoneos;
				SWIFT_ACTIVE_COMPILATION_CONDITIONS = "DEBUG $(inherited)";
				SWIFT_OPTIMIZATION_LEVEL = "-Onone";
			};
			name = Debug;
		};
		8C9B58912C82CE8400866110 /* Release */ = {
			isa = XCBuildConfiguration;
			buildSettings = {
				ALWAYS_SEARCH_USER_PATHS = NO;
				ASSETCATALOG_COMPILER_GENERATE_SWIFT_ASSET_SYMBOL_EXTENSIONS = YES;
				CLANG_ANALYZER_NONNULL = YES;
				CLANG_ANALYZER_NUMBER_OBJECT_CONVERSION = YES_AGGRESSIVE;
				CLANG_CXX_LANGUAGE_STANDARD = "gnu++20";
				CLANG_ENABLE_MODULES = YES;
				CLANG_ENABLE_OBJC_ARC = YES;
				CLANG_ENABLE_OBJC_WEAK = YES;
				CLANG_WARN_BLOCK_CAPTURE_AUTORELEASING = YES;
				CLANG_WARN_BOOL_CONVERSION = YES;
				CLANG_WARN_COMMA = YES;
				CLANG_WARN_CONSTANT_CONVERSION = YES;
				CLANG_WARN_DEPRECATED_OBJC_IMPLEMENTATIONS = YES;
				CLANG_WARN_DIRECT_OBJC_ISA_USAGE = YES_ERROR;
				CLANG_WARN_DOCUMENTATION_COMMENTS = YES;
				CLANG_WARN_EMPTY_BODY = YES;
				CLANG_WARN_ENUM_CONVERSION = YES;
				CLANG_WARN_INFINITE_RECURSION = YES;
				CLANG_WARN_INT_CONVERSION = YES;
				CLANG_WARN_NON_LITERAL_NULL_CONVERSION = YES;
				CLANG_WARN_OBJC_IMPLICIT_RETAIN_SELF = YES;
				CLANG_WARN_OBJC_LITERAL_CONVERSION = YES;
				CLANG_WARN_OBJC_ROOT_CLASS = YES_ERROR;
				CLANG_WARN_QUOTED_INCLUDE_IN_FRAMEWORK_HEADER = YES;
				CLANG_WARN_RANGE_LOOP_ANALYSIS = YES;
				CLANG_WARN_STRICT_PROTOTYPES = YES;
				CLANG_WARN_SUSPICIOUS_MOVE = YES;
				CLANG_WARN_UNGUARDED_AVAILABILITY = YES_AGGRESSIVE;
				CLANG_WARN_UNREACHABLE_CODE = YES;
				CLANG_WARN__DUPLICATE_METHOD_MATCH = YES;
				COPY_PHASE_STRIP = NO;
				DEBUG_INFORMATION_FORMAT = "dwarf-with-dsym";
				ENABLE_NS_ASSERTIONS = NO;
				ENABLE_STRICT_OBJC_MSGSEND = YES;
				ENABLE_USER_SCRIPT_SANDBOXING = YES;
				GCC_C_LANGUAGE_STANDARD = gnu17;
				GCC_NO_COMMON_BLOCKS = YES;
				GCC_WARN_64_TO_32_BIT_CONVERSION = YES;
				GCC_WARN_ABOUT_RETURN_TYPE = YES_ERROR;
				GCC_WARN_UNDECLARED_SELECTOR = YES;
				GCC_WARN_UNINITIALIZED_AUTOS = YES_AGGRESSIVE;
				GCC_WARN_UNUSED_FUNCTION = YES;
				GCC_WARN_UNUSED_VARIABLE = YES;
				IPHONEOS_DEPLOYMENT_TARGET = 17.5;
				LOCALIZATION_PREFERS_STRING_CATALOGS = YES;
				MTL_ENABLE_DEBUG_INFO = NO;
				MTL_FAST_MATH = YES;
				SDKROOT = iphoneos;
				SWIFT_COMPILATION_MODE = wholemodule;
				VALIDATE_PRODUCT = YES;
			};
			name = Release;
		};
		8C9B58932C82CE8400866110 /* Debug */ = {
			isa = XCBuildConfiguration;
			buildSettings = {
				ASSETCATALOG_COMPILER_APPICON_NAME = AppIcon;
				ASSETCATALOG_COMPILER_GLOBAL_ACCENT_COLOR_NAME = AccentColor;
				CODE_SIGN_STYLE = Automatic;
				CURRENT_PROJECT_VERSION = 1;
				DEVELOPMENT_TEAM = N2V9J3UTZQ;
				GENERATE_INFOPLIST_FILE = YES;
				INFOPLIST_FILE = IQKeyboardBehavior/Info.plist;
				INFOPLIST_KEY_UIApplicationSupportsIndirectInputEvents = YES;
				INFOPLIST_KEY_UILaunchStoryboardName = LaunchScreen;
				INFOPLIST_KEY_UIMainStoryboardFile = Main;
				INFOPLIST_KEY_UISupportedInterfaceOrientations_iPad = "UIInterfaceOrientationPortrait UIInterfaceOrientationPortraitUpsideDown UIInterfaceOrientationLandscapeLeft UIInterfaceOrientationLandscapeRight";
				INFOPLIST_KEY_UISupportedInterfaceOrientations_iPhone = "UIInterfaceOrientationPortrait UIInterfaceOrientationLandscapeLeft UIInterfaceOrientationLandscapeRight";
				LD_RUNPATH_SEARCH_PATHS = (
					"$(inherited)",
					"@executable_path/Frameworks",
				);
				MARKETING_VERSION = 1.0;
				PRODUCT_BUNDLE_IDENTIFIER = com.test.iq.demo.IQKeyboardBehavior;
				PRODUCT_NAME = "$(TARGET_NAME)";
				SWIFT_EMIT_LOC_STRINGS = YES;
				SWIFT_VERSION = 5.0;
				TARGETED_DEVICE_FAMILY = "1,2";
			};
			name = Debug;
		};
		8C9B58942C82CE8400866110 /* Release */ = {
			isa = XCBuildConfiguration;
			buildSettings = {
				ASSETCATALOG_COMPILER_APPICON_NAME = AppIcon;
				ASSETCATALOG_COMPILER_GLOBAL_ACCENT_COLOR_NAME = AccentColor;
				CODE_SIGN_STYLE = Automatic;
				CURRENT_PROJECT_VERSION = 1;
				DEVELOPMENT_TEAM = N2V9J3UTZQ;
				GENERATE_INFOPLIST_FILE = YES;
				INFOPLIST_FILE = IQKeyboardBehavior/Info.plist;
				INFOPLIST_KEY_UIApplicationSupportsIndirectInputEvents = YES;
				INFOPLIST_KEY_UILaunchStoryboardName = LaunchScreen;
				INFOPLIST_KEY_UIMainStoryboardFile = Main;
				INFOPLIST_KEY_UISupportedInterfaceOrientations_iPad = "UIInterfaceOrientationPortrait UIInterfaceOrientationPortraitUpsideDown UIInterfaceOrientationLandscapeLeft UIInterfaceOrientationLandscapeRight";
				INFOPLIST_KEY_UISupportedInterfaceOrientations_iPhone = "UIInterfaceOrientationPortrait UIInterfaceOrientationLandscapeLeft UIInterfaceOrientationLandscapeRight";
				LD_RUNPATH_SEARCH_PATHS = (
					"$(inherited)",
					"@executable_path/Frameworks",
				);
				MARKETING_VERSION = 1.0;
				PRODUCT_BUNDLE_IDENTIFIER = com.test.iq.demo.IQKeyboardBehavior;
				PRODUCT_NAME = "$(TARGET_NAME)";
				SWIFT_EMIT_LOC_STRINGS = YES;
				SWIFT_VERSION = 5.0;
				TARGETED_DEVICE_FAMILY = "1,2";
			};
			name = Release;
		};
		8C9B58962C82CE8400866110 /* Debug */ = {
			isa = XCBuildConfiguration;
			buildSettings = {
				ALWAYS_EMBED_SWIFT_STANDARD_LIBRARIES = YES;
				BUNDLE_LOADER = "$(TEST_HOST)";
				CODE_SIGN_STYLE = Automatic;
				CURRENT_PROJECT_VERSION = 1;
				DEVELOPMENT_TEAM = N2V9J3UTZQ;
				GENERATE_INFOPLIST_FILE = YES;
				IPHONEOS_DEPLOYMENT_TARGET = 17.5;
				MARKETING_VERSION = 1.0;
				PRODUCT_BUNDLE_IDENTIFIER = com.test.iq.demo.IQKeyboardBehaviorTests;
				PRODUCT_NAME = "$(TARGET_NAME)";
				SWIFT_EMIT_LOC_STRINGS = NO;
				SWIFT_VERSION = 5.0;
				TARGETED_DEVICE_FAMILY = "1,2";
				TEST_HOST = "$(BUILT_PRODUCTS_DIR)/IQKeyboardBehavior.app/$(BUNDLE_EXECUTABLE_FOLDER_PATH)/IQKeyboardBehavior";
			};
			name = Debug;
		};
		8C9B58972C82CE8400866110 /* Release */ = {
			isa = XCBuildConfiguration;
			buildSettings = {
				ALWAYS_EMBED_SWIFT_STANDARD_LIBRARIES = YES;
				BUNDLE_LOADER = "$(TEST_HOST)";
				CODE_SIGN_STYLE = Automatic;
				CURRENT_PROJECT_VERSION = 1;
				DEVELOPMENT_TEAM = N2V9J3UTZQ;
				GENERATE_INFOPLIST_FILE = YES;
				IPHONEOS_DEPLOYMENT_TARGET = 17.5;
				MARKETING_VERSION = 1.0;
				PRODUCT_BUNDLE_IDENTIFIER = com.test.iq.demo.IQKeyboardBehaviorTests;
				PRODUCT_NAME = "$(TARGET_NAME)";
				SWIFT_EMIT_LOC_STRINGS = NO;
				SWIFT_VERSION = 5.0;
				TARGETED_DEVICE_FAMILY = "1,2";
				TEST_HOST = "$(BUILT_PRODUCTS_DIR)/IQKeyboardBehavior.app/$(BUNDLE_EXECUTABLE_FOLDER_PATH)/IQKeyboardBehavior";
			};
			name = Release;
		};
		8C9B58992C82CE8400866110 /* Debug */ = {
			isa = XCBuildConfiguration;
			buildSettings = {
				ALWAYS_EMBED_SWIFT_STANDARD_LIBRARIES = YES;
				CODE_SIGN_STYLE = Automatic;
				CURRENT_PROJECT_VERSION = 1;
				DEVELOPMENT_TEAM = N2V9J3UTZQ;
				GENERATE_INFOPLIST_FILE = YES;
				MARKETING_VERSION = 1.0;
				PRODUCT_BUNDLE_IDENTIFIER = com.test.iq.demo.IQKeyboardBehaviorUITests;
				PRODUCT_NAME = "$(TARGET_NAME)";
				SWIFT_EMIT_LOC_STRINGS = NO;
				SWIFT_VERSION = 5.0;
				TARGETED_DEVICE_FAMILY = "1,2";
				TEST_TARGET_NAME = IQKeyboardBehavior;
			};
			name = Debug;
		};
		8C9B589A2C82CE8400866110 /* Release */ = {
			isa = XCBuildConfiguration;
			buildSettings = {
				ALWAYS_EMBED_SWIFT_STANDARD_LIBRARIES = YES;
				CODE_SIGN_STYLE = Automatic;
				CURRENT_PROJECT_VERSION = 1;
				DEVELOPMENT_TEAM = N2V9J3UTZQ;
				GENERATE_INFOPLIST_FILE = YES;
				MARKETING_VERSION = 1.0;
				PRODUCT_BUNDLE_IDENTIFIER = com.test.iq.demo.IQKeyboardBehaviorUITests;
				PRODUCT_NAME = "$(TARGET_NAME)";
				SWIFT_EMIT_LOC_STRINGS = NO;
				SWIFT_VERSION = 5.0;
				TARGETED_DEVICE_FAMILY = "1,2";
				TEST_TARGET_NAME = IQKeyboardBehavior;
			};
			name = Release;
		};
/* End XCBuildConfiguration section */

/* Begin XCConfigurationList section */
		8C9B58632C82CE8300866110 /* Build configuration list for PBXProject "IQKeyboardBehavior" */ = {
			isa = XCConfigurationList;
			buildConfigurations = (
				8C9B58902C82CE8400866110 /* Debug */,
				8C9B58912C82CE8400866110 /* Release */,
			);
			defaultConfigurationIsVisible = 0;
			defaultConfigurationName = Release;
		};
		8C9B58922C82CE8400866110 /* Build configuration list for PBXNativeTarget "IQKeyboardBehavior" */ = {
			isa = XCConfigurationList;
			buildConfigurations = (
				8C9B58932C82CE8400866110 /* Debug */,
				8C9B58942C82CE8400866110 /* Release */,
			);
			defaultConfigurationIsVisible = 0;
			defaultConfigurationName = Release;
		};
		8C9B58952C82CE8400866110 /* Build configuration list for PBXNativeTarget "IQKeyboardBehaviorTests" */ = {
			isa = XCConfigurationList;
			buildConfigurations = (
				8C9B58962C82CE8400866110 /* Debug */,
				8C9B58972C82CE8400866110 /* Release */,
			);
			defaultConfigurationIsVisible = 0;
			defaultConfigurationName = Release;
		};
		8C9B58982C82CE8400866110 /* Build configuration list for PBXNativeTarget "IQKeyboardBehaviorUITests" */ = {
			isa = XCConfigurationList;
			buildConfigurations = (
				8C9B58992C82CE8400866110 /* Debug */,
				8C9B589A2C82CE8400866110 /* Release */,
			);
			defaultConfigurationIsVisible = 0;
			defaultConfigurationName = Release;
		};
/* End XCConfigurationList section */
	};
	rootObject = 8C9B58602C82CE8300866110 /* Project object */;
}
